Microsoft Visual Studio Solution File, Format Version 12.00
# Visual Studio Version 17
VisualStudioVersion = 17.8.34525.116
MinimumVisualStudioVersion = 10.0.40219.1
Project("{FAE04EC0-301F-11D3-BF4B-00C04F79EFBC}") = "Hæveautomaten", "Hæveautomaten\Hæveautomaten.csproj", "{72D05EDE-4477-4E1A-8187-BA26902523AF}"
EndProject
Project("{FAE04EC0-301F-11D3-BF4B-00C04F79EFBC}") = "HæveautomatenTests", "HæveautomatenTests\HæveautomatenTests.csproj", "{2AFAE2C1-1BE5-4D22-95C6-4C899C171B3B}"
EndProject
Global
    GlobalSection(SolutionConfigurationPlatforms) = preSolution
        Debug|Any CPU = Debug|Any CPU
        Release|Any CPU = Release|Any CPU
    EndGlobalSection
    GlobalSection(ProjectConfigurationPlatforms) = postSolution
        {72D05EDE-4477-4E1A-8187-BA26902523AF}.Debug|Any CPU.ActiveCfg = Debug|Any CPU
        {72D05EDE-4477-4E1A-8187-BA26902523AF}.Debug|Any CPU.Build.0 = Debug|Any CPU
        {72D05EDE-4477-4E1A-8187-BA26902523AF}.Release|Any CPU.ActiveCfg = Release|Any CPU
        {72D05EDE-4477-4E1A-8187-BA26902523AF}.Release|Any CPU.Build.0 = Release|Any CPU
        {2AFAE2C1-1BE5-4D22-95C6-4C899C171B3B}.Debug|Any CPU.ActiveCfg = Debug|Any CPU
        {2AFAE2C1-1BE5-4D22-95C6-4C899C171B3B}.Debug|Any CPU.Build.0 = Debug|Any CPU
        {2AFAE2C1-1BE5-4D22-95C6-4C899C171B3B}.Release|Any CPU.ActiveCfg = Release|Any CPU
        {2AFAE2C1-1BE5-4D22-95C6-4C899C171B3B}.Release|Any CPU.Build.0 = Release|Any CPU
    EndGlobalSection
    GlobalSection(SolutionProperties) = preSolution
        HideSolutionNode = FALSE
    EndGlobalSection
    GlobalSection(ExtensibilityGlobals) = postSolution
        SolutionGuid = {A95C33D6-8160-447C-8D34-5CCE276D8AD4}
    EndGlobalSection
EndGlobal
